// !$*UTF8*$!
{
	archiveVersion = 1;
	classes = {
	};
	objectVersion = 55;
	objects = {

/* Begin PBXBuildFile section */
		6E9F1DAC71FEDDA5B67AAD5F /* Pods_KadaiChallenge8.framework in Frameworks */ = {isa = PBXBuildFile; fileRef = 2A7BD45510B3527FAB3914C2 /* Pods_KadaiChallenge8.framework */; };
		D34F169F28191C1F002E0159 /* Value.swift in Sources */ = {isa = PBXBuildFile; fileRef = D34F169E28191C1F002E0159 /* Value.swift */; };
		D352B32D2814DF570015D017 /* AppDelegate.swift in Sources */ = {isa = PBXBuildFile; fileRef = D352B32C2814DF570015D017 /* AppDelegate.swift */; };
		D352B32F2814DF570015D017 /* SceneDelegate.swift in Sources */ = {isa = PBXBuildFile; fileRef = D352B32E2814DF570015D017 /* SceneDelegate.swift */; };
		D352B3342814DF570015D017 /* Main.storyboard in Resources */ = {isa = PBXBuildFile; fileRef = D352B3322814DF570015D017 /* Main.storyboard */; };
		D352B3362814DF590015D017 /* Assets.xcassets in Resources */ = {isa = PBXBuildFile; fileRef = D352B3352814DF590015D017 /* Assets.xcassets */; };
		D352B3392814DF590015D017 /* LaunchScreen.storyboard in Resources */ = {isa = PBXBuildFile; fileRef = D352B3372814DF590015D017 /* LaunchScreen.storyboard */; };
		D352B3462814E2610015D017 /* Item1ViewController.swift in Sources */ = {isa = PBXBuildFile; fileRef = D352B3452814E2610015D017 /* Item1ViewController.swift */; };
		D352B3482814E2700015D017 /* Item2ViewController.swift in Sources */ = {isa = PBXBuildFile; fileRef = D352B3472814E2700015D017 /* Item2ViewController.swift */; };
		E58875C2281CEDCA00F098C8 /* ModelLocator.swift in Sources */ = {isa = PBXBuildFile; fileRef = E58875C1281CEDCA00F098C8 /* ModelLocator.swift */; };
/* End PBXBuildFile section */

/* Begin PBXFileReference section */
		2A7BD45510B3527FAB3914C2 /* Pods_KadaiChallenge8.framework */ = {isa = PBXFileReference; explicitFileType = wrapper.framework; includeInIndex = 0; path = Pods_KadaiChallenge8.framework; sourceTree = BUILT_PRODUCTS_DIR; };
		87C7D887CA7FA18596EDC5CB /* Pods-KadaiChallenge8.release.xcconfig */ = {isa = PBXFileReference; includeInIndex = 1; lastKnownFileType = text.xcconfig; name = "Pods-KadaiChallenge8.release.xcconfig"; path = "Target Support Files/Pods-KadaiChallenge8/Pods-KadaiChallenge8.release.xcconfig"; sourceTree = "<group>"; };
		D34F169E28191C1F002E0159 /* Value.swift */ = {isa = PBXFileReference; lastKnownFileType = sourcecode.swift; path = Value.swift; sourceTree = "<group>"; };
		D352B3292814DF570015D017 /* KadaiChallenge8.app */ = {isa = PBXFileReference; explicitFileType = wrapper.application; includeInIndex = 0; path = KadaiChallenge8.app; sourceTree = BUILT_PRODUCTS_DIR; };
		D352B32C2814DF570015D017 /* AppDelegate.swift */ = {isa = PBXFileReference; lastKnownFileType = sourcecode.swift; path = AppDelegate.swift; sourceTree = "<group>"; };
		D352B32E2814DF570015D017 /* SceneDelegate.swift */ = {isa = PBXFileReference; lastKnownFileType = sourcecode.swift; path = SceneDelegate.swift; sourceTree = "<group>"; };
		D352B3332814DF570015D017 /* Base */ = {isa = PBXFileReference; lastKnownFileType = file.storyboard; name = Base; path = Base.lproj/Main.storyboard; sourceTree = "<group>"; };
		D352B3352814DF590015D017 /* Assets.xcassets */ = {isa = PBXFileReference; lastKnownFileType = folder.assetcatalog; path = Assets.xcassets; sourceTree = "<group>"; };
		D352B3382814DF590015D017 /* Base */ = {isa = PBXFileReference; lastKnownFileType = file.storyboard; name = Base; path = Base.lproj/LaunchScreen.storyboard; sourceTree = "<group>"; };
		D352B33A2814DF590015D017 /* Info.plist */ = {isa = PBXFileReference; lastKnownFileType = text.plist.xml; path = Info.plist; sourceTree = "<group>"; };
		D352B3452814E2610015D017 /* Item1ViewController.swift */ = {isa = PBXFileReference; lastKnownFileType = sourcecode.swift; path = Item1ViewController.swift; sourceTree = "<group>"; };
		D352B3472814E2700015D017 /* Item2ViewController.swift */ = {isa = PBXFileReference; lastKnownFileType = sourcecode.swift; path = Item2ViewController.swift; sourceTree = "<group>"; };
		E58875C1281CEDCA00F098C8 /* ModelLocator.swift */ = {isa = PBXFileReference; lastKnownFileType = sourcecode.swift; path = ModelLocator.swift; sourceTree = "<group>"; };
		EA51E9447B081FCCC4081772 /* Pods-KadaiChallenge8.debug.xcconfig */ = {isa = PBXFileReference; includeInIndex = 1; lastKnownFileType = text.xcconfig; name = "Pods-KadaiChallenge8.debug.xcconfig"; path = "Target Support Files/Pods-KadaiChallenge8/Pods-KadaiChallenge8.debug.xcconfig"; sourceTree = "<group>"; };
/* End PBXFileReference section */

/* Begin PBXFrameworksBuildPhase section */
		D352B3262814DF570015D017 /* Frameworks */ = {
			isa = PBXFrameworksBuildPhase;
			buildActionMask = 2147483647;
			files = (
				6E9F1DAC71FEDDA5B67AAD5F /* Pods_KadaiChallenge8.framework in Frameworks */,
			);
			runOnlyForDeploymentPostprocessing = 0;
		};
/* End PBXFrameworksBuildPhase section */

/* Begin PBXGroup section */
		C34F7311F05056406CDEA778 /* Pods */ = {
			isa = PBXGroup;
			children = (
				EA51E9447B081FCCC4081772 /* Pods-KadaiChallenge8.debug.xcconfig */,
				87C7D887CA7FA18596EDC5CB /* Pods-KadaiChallenge8.release.xcconfig */,
			);
			path = Pods;
			sourceTree = "<group>";
		};
		D34F16A028191C26002E0159 /* Model */ = {
			isa = PBXGroup;
			children = (
				D34F169E28191C1F002E0159 /* Value.swift */,
			);
			path = Model;
			sourceTree = "<group>";
		};
		D352B3202814DF570015D017 = {
			isa = PBXGroup;
			children = (
				D352B32B2814DF570015D017 /* KadaiChallenge8 */,
				D352B32A2814DF570015D017 /* Products */,
				C34F7311F05056406CDEA778 /* Pods */,
				F51E39FEEF39674B4C318F2C /* Frameworks */,
			);
			sourceTree = "<group>";
		};
		D352B32A2814DF570015D017 /* Products */ = {
			isa = PBXGroup;
			children = (
				D352B3292814DF570015D017 /* KadaiChallenge8.app */,
			);
			name = Products;
			sourceTree = "<group>";
		};
		D352B32B2814DF570015D017 /* KadaiChallenge8 */ = {
			isa = PBXGroup;
			children = (
				D34F16A028191C26002E0159 /* Model */,
				D367BACB281A2CCF00DA7914 /* View */,
				D367BACC281A2CDD00DA7914 /* Controller */,
				D352B32C2814DF570015D017 /* AppDelegate.swift */,
				D352B32E2814DF570015D017 /* SceneDelegate.swift */,
				E58875C1281CEDCA00F098C8 /* ModelLocator.swift */,
				D352B3352814DF590015D017 /* Assets.xcassets */,
				D352B3372814DF590015D017 /* LaunchScreen.storyboard */,
				D352B33A2814DF590015D017 /* Info.plist */,
			);
			path = KadaiChallenge8;
			sourceTree = "<group>";
		};
		D367BACB281A2CCF00DA7914 /* View */ = {
			isa = PBXGroup;
			children = (
				D352B3322814DF570015D017 /* Main.storyboard */,
			);
			path = View;
			sourceTree = "<group>";
		};
		D367BACC281A2CDD00DA7914 /* Controller */ = {
			isa = PBXGroup;
			children = (
				D352B3452814E2610015D017 /* Item1ViewController.swift */,
				D352B3472814E2700015D017 /* Item2ViewController.swift */,
			);
			path = Controller;
			sourceTree = "<group>";
		};
		F51E39FEEF39674B4C318F2C /* Frameworks */ = {
			isa = PBXGroup;
			children = (
				2A7BD45510B3527FAB3914C2 /* Pods_KadaiChallenge8.framework */,
			);
			name = Frameworks;
			sourceTree = "<group>";
		};
/* End PBXGroup section */

/* Begin PBXNativeTarget section */
		D352B3282814DF570015D017 /* KadaiChallenge8 */ = {
			isa = PBXNativeTarget;
			buildConfigurationList = D352B33D2814DF590015D017 /* Build configuration list for PBXNativeTarget "KadaiChallenge8" */;
			buildPhases = (
				FB360A37D1C1692A7D9EF5F7 /* [CP] Check Pods Manifest.lock */,
				D352B3252814DF570015D017 /* Sources */,
				D352B3262814DF570015D017 /* Frameworks */,
				D352B3272814DF570015D017 /* Resources */,
				D367BACD281A310C00DA7914 /* ShellScript */,
			);
			buildRules = (
			);
			dependencies = (
			);
			name = KadaiChallenge8;
			productName = KadaiChallenge8;
			productReference = D352B3292814DF570015D017 /* KadaiChallenge8.app */;
			productType = "com.apple.product-type.application";
		};
/* End PBXNativeTarget section */

/* Begin PBXProject section */
		D352B3212814DF570015D017 /* Project object */ = {
			isa = PBXProject;
			attributes = {
				BuildIndependentTargetsInParallel = 1;
				LastSwiftUpdateCheck = 1330;
				LastUpgradeCheck = 1330;
				TargetAttributes = {
					D352B3282814DF570015D017 = {
						CreatedOnToolsVersion = 13.3.1;
					};
				};
			};
			buildConfigurationList = D352B3242814DF570015D017 /* Build configuration list for PBXProject "KadaiChallenge8" */;
			compatibilityVersion = "Xcode 13.0";
			developmentRegion = en;
			hasScannedForEncodings = 0;
			knownRegions = (
				en,
				Base,
			);
			mainGroup = D352B3202814DF570015D017;
			productRefGroup = D352B32A2814DF570015D017 /* Products */;
			projectDirPath = "";
			projectRoot = "";
			targets = (
				D352B3282814DF570015D017 /* KadaiChallenge8 */,
			);
		};
/* End PBXProject section */

/* Begin PBXResourcesBuildPhase section */
		D352B3272814DF570015D017 /* Resources */ = {
			isa = PBXResourcesBuildPhase;
			buildActionMask = 2147483647;
			files = (
				D352B3392814DF590015D017 /* LaunchScreen.storyboard in Resources */,
				D352B3362814DF590015D017 /* Assets.xcassets in Resources */,
				D352B3342814DF570015D017 /* Main.storyboard in Resources */,
			);
			runOnlyForDeploymentPostprocessing = 0;
		};
/* End PBXResourcesBuildPhase section */

/* Begin PBXShellScriptBuildPhase section */
		D367BACD281A310C00DA7914 /* ShellScript */ = {
			isa = PBXShellScriptBuildPhase;
			buildActionMask = 2147483647;
			files = (
			);
			inputFileListPaths = (
			);
			inputPaths = (
			);
			outputFileListPaths = (
			);
			outputPaths = (
			);
			runOnlyForDeploymentPostprocessing = 0;
			shellPath = /bin/sh;
			shellScript = "if which \"${PODS_ROOT}/SwiftLint/swiftlint\" >/dev/null; then\n${PODS_ROOT}/SwiftLint/swiftlint\nelse\necho \"warning: SwiftLint not installed, download from https://github.com/realm/SwiftLint\"\nfi\n";
		};
		FB360A37D1C1692A7D9EF5F7 /* [CP] Check Pods Manifest.lock */ = {
			isa = PBXShellScriptBuildPhase;
			buildActionMask = 2147483647;
			files = (
			);
			inputFileListPaths = (
			);
			inputPaths = (
				"${PODS_PODFILE_DIR_PATH}/Podfile.lock",
				"${PODS_ROOT}/Manifest.lock",
			);
			name = "[CP] Check Pods Manifest.lock";
			outputFileListPaths = (
			);
			outputPaths = (
				"$(DERIVED_FILE_DIR)/Pods-KadaiChallenge8-checkManifestLockResult.txt",
			);
			runOnlyForDeploymentPostprocessing = 0;
			shellPath = /bin/sh;
			shellScript = "diff \"${PODS_PODFILE_DIR_PATH}/Podfile.lock\" \"${PODS_ROOT}/Manifest.lock\" > /dev/null\nif [ $? != 0 ] ; then\n    # print error to STDERR\n    echo \"error: The sandbox is not in sync with the Podfile.lock. Run 'pod install' or update your CocoaPods installation.\" >&2\n    exit 1\nfi\n# This output is used by Xcode 'outputs' to avoid re-running this script phase.\necho \"SUCCESS\" > \"${SCRIPT_OUTPUT_FILE_0}\"\n";
			showEnvVarsInLog = 0;
		};
/* End PBXShellScriptBuildPhase section */

/* Begin PBXSourcesBuildPhase section */
		D352B3252814DF570015D017 /* Sources */ = {
			isa = PBXSourcesBuildPhase;
			buildActionMask = 2147483647;
			files = (
				E58875C2281CEDCA00F098C8 /* ModelLocator.swift in Sources */,
				D352B3482814E2700015D017 /* Item2ViewController.swift in Sources */,
				D352B32D2814DF570015D017 /* AppDelegate.swift in Sources */,
				D352B32F2814DF570015D017 /* SceneDelegate.swift in Sources */,
				D34F169F28191C1F002E0159 /* Value.swift in Sources */,
				D352B3462814E2610015D017 /* Item1ViewController.swift in Sources */,
			);
			runOnlyForDeploymentPostprocessing = 0;
		};
/* End PBXSourcesBuildPhase section */

/* Begin PBXVariantGroup section */
		D352B3322814DF570015D017 /* Main.storyboard */ = {
			isa = PBXVariantGroup;
			children = (
				D352B3332814DF570015D017 /* Base */,
			);
			name = Main.storyboard;
			sourceTree = "<group>";
		};
		D352B3372814DF590015D017 /* LaunchScreen.storyboard */ = {
			isa = PBXVariantGroup;
			children = (
				D352B3382814DF590015D017 /* Base */,
			);
			name = LaunchScreen.storyboard;
			sourceTree = "<group>";
		};
/* End PBXVariantGroup section */

/* Begin XCBuildConfiguration section */
		D352B33B2814DF590015D017 /* Debug */ = {
			isa = XCBuildConfiguration;
			buildSettings = {
				ALWAYS_SEARCH_USER_PATHS = NO;
				CLANG_ANALYZER_NONNULL = YES;
				CLANG_ANALYZER_NUMBER_OBJECT_CONVERSION = YES_AGGRESSIVE;
				CLANG_CXX_LANGUAGE_STANDARD = "gnu++17";
				CLANG_ENABLE_MODULES = YES;
				CLANG_ENABLE_OBJC_ARC = YES;
				CLANG_ENABLE_OBJC_WEAK = YES;
				CLANG_WARN_BLOCK_CAPTURE_AUTORELEASING = YES;
				CLANG_WARN_BOOL_CONVERSION = YES;
				CLANG_WARN_COMMA = YES;
				CLANG_WARN_CONSTANT_CONVERSION = YES;
				CLANG_WARN_DEPRECATED_OBJC_IMPLEMENTATIONS = YES;
				CLANG_WARN_DIRECT_OBJC_ISA_USAGE = YES_ERROR;
				CLANG_WARN_DOCUMENTATION_COMMENTS = YES;
				CLANG_WARN_EMPTY_BODY = YES;
				CLANG_WARN_ENUM_CONVERSION = YES;
				CLANG_WARN_INFINITE_RECURSION = YES;
				CLANG_WARN_INT_CONVERSION = YES;
				CLANG_WARN_NON_LITERAL_NULL_CONVERSION = YES;
				CLANG_WARN_OBJC_IMPLICIT_RETAIN_SELF = YES;
				CLANG_WARN_OBJC_LITERAL_CONVERSION = YES;
				CLANG_WARN_OBJC_ROOT_CLASS = YES_ERROR;
				CLANG_WARN_QUOTED_INCLUDE_IN_FRAMEWORK_HEADER = YES;
				CLANG_WARN_RANGE_LOOP_ANALYSIS = YES;
				CLANG_WARN_STRICT_PROTOTYPES = YES;
				CLANG_WARN_SUSPICIOUS_MOVE = YES;
				CLANG_WARN_UNGUARDED_AVAILABILITY = YES_AGGRESSIVE;
				CLANG_WARN_UNREACHABLE_CODE = YES;
				CLANG_WARN__DUPLICATE_METHOD_MATCH = YES;
				COPY_PHASE_STRIP = NO;
				DEBUG_INFORMATION_FORMAT = dwarf;
				ENABLE_STRICT_OBJC_MSGSEND = YES;
				ENABLE_TESTABILITY = YES;
				GCC_C_LANGUAGE_STANDARD = gnu11;
				GCC_DYNAMIC_NO_PIC = NO;
				GCC_NO_COMMON_BLOCKS = YES;
				GCC_OPTIMIZATION_LEVEL = 0;
				GCC_PREPROCESSOR_DEFINITIONS = (
					"DEBUG=1",
					"$(inherited)",
				);
				GCC_WARN_64_TO_32_BIT_CONVERSION = YES;
				GCC_WARN_ABOUT_RETURN_TYPE = YES_ERROR;
				GCC_WARN_UNDECLARED_SELECTOR = YES;
				GCC_WARN_UNINITIALIZED_AUTOS = YES_AGGRESSIVE;
				GCC_WARN_UNUSED_FUNCTION = YES;
				GCC_WARN_UNUSED_VARIABLE = YES;
				IPHONEOS_DEPLOYMENT_TARGET = 15.4;
				MTL_ENABLE_DEBUG_INFO = INCLUDE_SOURCE;
				MTL_FAST_MATH = YES;
				ONLY_ACTIVE_ARCH = YES;
				SDKROOT = iphoneos;
				SWIFT_ACTIVE_COMPILATION_CONDITIONS = DEBUG;
				SWIFT_OPTIMIZATION_LEVEL = "-Onone";
			};
			name = Debug;
		};
		D352B33C2814DF590015D017 /* Release */ = {
			isa = XCBuildConfiguration;
			buildSettings = {
				ALWAYS_SEARCH_USER_PATHS = NO;
				CLANG_ANALYZER_NONNULL = YES;
				CLANG_ANALYZER_NUMBER_OBJECT_CONVERSION = YES_AGGRESSIVE;
				CLANG_CXX_LANGUAGE_STANDARD = "gnu++17";
				CLANG_ENABLE_MODULES = YES;
				CLANG_ENABLE_OBJC_ARC = YES;
				CLANG_ENABLE_OBJC_WEAK = YES;
				CLANG_WARN_BLOCK_CAPTURE_AUTORELEASING = YES;
				CLANG_WARN_BOOL_CONVERSION = YES;
				CLANG_WARN_COMMA = YES;
				CLANG_WARN_CONSTANT_CONVERSION = YES;
				CLANG_WARN_DEPRECATED_OBJC_IMPLEMENTATIONS = YES;
				CLANG_WARN_DIRECT_OBJC_ISA_USAGE = YES_ERROR;
				CLANG_WARN_DOCUMENTATION_COMMENTS = YES;
				CLANG_WARN_EMPTY_BODY = YES;
				CLANG_WARN_ENUM_CONVERSION = YES;
				CLANG_WARN_INFINITE_RECURSION = YES;
				CLANG_WARN_INT_CONVERSION = YES;
				CLANG_WARN_NON_LITERAL_NULL_CONVERSION = YES;
				CLANG_WARN_OBJC_IMPLICIT_RETAIN_SELF = YES;
				CLANG_WARN_OBJC_LITERAL_CONVERSION = YES;
				CLANG_WARN_OBJC_ROOT_CLASS = YES_ERROR;
				CLANG_WARN_QUOTED_INCLUDE_IN_FRAMEWORK_HEADER = YES;
				CLANG_WARN_RANGE_LOOP_ANALYSIS = YES;
				CLANG_WARN_STRICT_PROTOTYPES = YES;
				CLANG_WARN_SUSPICIOUS_MOVE = YES;
				CLANG_WARN_UNGUARDED_AVAILABILITY = YES_AGGRESSIVE;
				CLANG_WARN_UNREACHABLE_CODE = YES;
				CLANG_WARN__DUPLICATE_METHOD_MATCH = YES;
				COPY_PHASE_STRIP = NO;
				DEBUG_INFORMATION_FORMAT = "dwarf-with-dsym";
				ENABLE_NS_ASSERTIONS = NO;
				ENABLE_STRICT_OBJC_MSGSEND = YES;
				GCC_C_LANGUAGE_STANDARD = gnu11;
				GCC_NO_COMMON_BLOCKS = YES;
				GCC_WARN_64_TO_32_BIT_CONVERSION = YES;
				GCC_WARN_ABOUT_RETURN_TYPE = YES_ERROR;
				GCC_WARN_UNDECLARED_SELECTOR = YES;
				GCC_WARN_UNINITIALIZED_AUTOS = YES_AGGRESSIVE;
				GCC_WARN_UNUSED_FUNCTION = YES;
				GCC_WARN_UNUSED_VARIABLE = YES;
				IPHONEOS_DEPLOYMENT_TARGET = 15.4;
				MTL_ENABLE_DEBUG_INFO = NO;
				MTL_FAST_MATH = YES;
				SDKROOT = iphoneos;
				SWIFT_COMPILATION_MODE = wholemodule;
				SWIFT_OPTIMIZATION_LEVEL = "-O";
				VALIDATE_PRODUCT = YES;
			};
			name = Release;
		};
		D352B33E2814DF590015D017 /* Debug */ = {
			isa = XCBuildConfiguration;
			baseConfigurationReference = EA51E9447B081FCCC4081772 /* Pods-KadaiChallenge8.debug.xcconfig */;
			buildSettings = {
				ASSETCATALOG_COMPILER_APPICON_NAME = AppIcon;
				ASSETCATALOG_COMPILER_GLOBAL_ACCENT_COLOR_NAME = AccentColor;
				CODE_SIGN_STYLE = Automatic;
				CURRENT_PROJECT_VERSION = 1;
				GENERATE_INFOPLIST_FILE = YES;
				INFOPLIST_FILE = KadaiChallenge8/Info.plist;
				INFOPLIST_KEY_UIApplicationSupportsIndirectInputEvents = YES;
				INFOPLIST_KEY_UILaunchStoryboardName = LaunchScreen;
				INFOPLIST_KEY_UIMainStoryboardFile = Main;
				INFOPLIST_KEY_UISupportedInterfaceOrientations_iPad = "UIInterfaceOrientationPortrait UIInterfaceOrientationPortraitUpsideDown UIInterfaceOrientationLandscapeLeft UIInterfaceOrientationLandscapeRight";
				INFOPLIST_KEY_UISupportedInterfaceOrientations_iPhone = "UIInterfaceOrientationPortrait UIInterfaceOrientationLandscapeLeft UIInterfaceOrientationLandscapeRight";
				LD_RUNPATH_SEARCH_PATHS = (
					"$(inherited)",
					"@executable_path/Frameworks",
				);
				MARKETING_VERSION = 1.0;
				PRODUCT_BUNDLE_IDENTIFIER = "Swift-Beginners.KadaiChallenge8";
				PRODUCT_NAME = "$(TARGET_NAME)";
				SWIFT_EMIT_LOC_STRINGS = YES;
				SWIFT_VERSION = 5.0;
				TARGETED_DEVICE_FAMILY = "1,2";
			};
			name = Debug;
		};
		D352B33F2814DF590015D017 /* Release */ = {
			isa = XCBuildConfiguration;
			baseConfigurationReference = 87C7D887CA7FA18596EDC5CB /* Pods-KadaiChallenge8.release.xcconfig */;
			buildSettings = {
				ASSETCATALOG_COMPILER_APPICON_NAME = AppIcon;
				ASSETCATALOG_COMPILER_GLOBAL_ACCENT_COLOR_NAME = AccentColor;
				CODE_SIGN_STYLE = Automatic;
				CURRENT_PROJECT_VERSION = 1;
				GENERATE_INFOPLIST_FILE = YES;
				INFOPLIST_FILE = KadaiChallenge8/Info.plist;
				INFOPLIST_KEY_UIApplicationSupportsIndirectInputEvents = YES;
				INFOPLIST_KEY_UILaunchStoryboardName = LaunchScreen;
				INFOPLIST_KEY_UIMainStoryboardFile = Main;
				INFOPLIST_KEY_UISupportedInterfaceOrientations_iPad = "UIInterfaceOrientationPortrait UIInterfaceOrientationPortraitUpsideDown UIInterfaceOrientationLandscapeLeft UIInterfaceOrientationLandscapeRight";
				INFOPLIST_KEY_UISupportedInterfaceOrientations_iPhone = "UIInterfaceOrientationPortrait UIInterfaceOrientationLandscapeLeft UIInterfaceOrientationLandscapeRight";
				LD_RUNPATH_SEARCH_PATHS = (
					"$(inherited)",
					"@executable_path/Frameworks",
				);
				MARKETING_VERSION = 1.0;
				PRODUCT_BUNDLE_IDENTIFIER = "Swift-Beginners.KadaiChallenge8";
				PRODUCT_NAME = "$(TARGET_NAME)";
				SWIFT_EMIT_LOC_STRINGS = YES;
				SWIFT_VERSION = 5.0;
				TARGETED_DEVICE_FAMILY = "1,2";
			};
			name = Release;
		};
/* End XCBuildConfiguration section */

/* Begin XCConfigurationList section */
		D352B3242814DF570015D017 /* Build configuration list for PBXProject "KadaiChallenge8" */ = {
			isa = XCConfigurationList;
			buildConfigurations = (
				D352B33B2814DF590015D017 /* Debug */,
				D352B33C2814DF590015D017 /* Release */,
			);
			defaultConfigurationIsVisible = 0;
			defaultConfigurationName = Release;
		};
		D352B33D2814DF590015D017 /* Build configuration list for PBXNativeTarget "KadaiChallenge8" */ = {
			isa = XCConfigurationList;
			buildConfigurations = (
				D352B33E2814DF590015D017 /* Debug */,
				D352B33F2814DF590015D017 /* Release */,
			);
			defaultConfigurationIsVisible = 0;
			defaultConfigurationName = Release;
		};
/* End XCConfigurationList section */
	};
	rootObject = D352B3212814DF570015D017 /* Project object */;
}
